{
  "name": "MMM-UnifiProtect",
  "version": "1.0.0",
  "lockfileVersion": 3,
  "requires": true,
  "packages": {
    "": {
      "name": "MMM-UnifiProtect",
      "version": "1.0.0",
      "dependencies": {
        "unifi-protect": "^4.29.0"
      }
    },
    "node_modules/undici": {
      "version": "8.0.2",
      "resolved": "https://registry.npmjs.org/undici/-/undici-8.0.2.tgz",
      "integrity": "sha512-B9MeU5wuFhkFAuNeA19K2GDFcQXZxq33fL0nRy2Aq30wdufZbyyvxW3/ChaeipXVfy/wUweZyzovQGk39+9k2w==",
      "engines": {
        "node": ">=22.19.0"
      }
    },
    "node_modules/unifi-protect": {
      "version": "4.29.0",
      "resolved": "https://registry.npmjs.org/unifi-protect/-/unifi-protect-4.29.0.tgz",
      "integrity": "sha512-vRLq+LEE8xtdTR5TfGUvZ4auIAAgO2TbtJDD3fSBiBtzP4JFXr9wSA5N2+odQkWDZpsGZ7PYvHLl7IH37C2+HQ==",
      "dependencies": {
        "undici": "8.0.2"
      },
      "bin": {
        "ufp": "dist/util/ufp.js"
      },
      "engines": {
        "node": ">=22"
      }
    }
  }
}
